PODS:
  - Alamofire (4.7.2)
  - Bolts (1.9.0):
    - Bolts/AppLinks (= 1.9.0)
    - Bolts/Tasks (= 1.9.0)
  - Bolts/AppLinks (1.9.0):
    - Bolts/Tasks
  - Bolts/Tasks (1.9.0)
  - ChameleonFramework (2.1.0):
    - ChameleonFramework/Default (= 2.1.0)
  - ChameleonFramework/Default (2.1.0)
  - Crashlytics (3.10.2):
    - Fabric (~> 1.7.7)
  - DropDown (2.3.2)
  - Eureka (3.0.0)
  - Fabric (1.7.7)
  - FacebookCore (0.3.0):
    - Bolts (~> 1.8)
    - FBSDKCoreKit (~> 4.27)
  - FacebookLogin (0.3.0):
    - Bolts (~> 1.8)
    - FacebookCore (~> 0.3)
    - FBSDKCoreKit (~> 4.27)
    - FBSDKLoginKit (~> 4.27)
  - FacebookShare (0.2.0):
    - Bolts (~> 1.8)
    - FacebookCore (~> 0.2)
    - FBSDKCoreKit (~> 4.21)
    - FBSDKShareKit (~> 4.21)
  - FBAudienceNetwork (4.28.1)
  - FBSDKCoreKit (4.33.0):
    - Bolts (~> 1.7)
  - FBSDKLoginKit (4.33.0):
    - FBSDKCoreKit
  - FBSDKShareKit (4.33.0):
    - FBSDKCoreKit (~> 4.33.0)
  - Firebase (5.1.0):
    - Firebase/Core (= 5.1.0)
  - Firebase/AdMob (5.1.0):
    - Firebase/Core
    - Google-Mobile-Ads-SDK (= 7.31.0)
  - Firebase/Core (5.1.0):
    - Firebase/CoreOnly
    - FirebaseAnalytics (= 5.0.1)
  - Firebase/CoreOnly (5.1.0):
    - FirebaseCore (= 5.0.2)
  - Firebase/Messaging (5.1.0):
    - Firebase/CoreOnly
    - FirebaseMessaging (= 3.0.1)
  - FirebaseAnalytics (5.0.1):
    - FirebaseCore (~> 5.0)
    - FirebaseInstanceID (~> 3.0)
    - "GoogleToolboxForMac/NSData+zlib (~> 2.1)"
    - nanopb (~> 0.3)
  - FirebaseCore (5.0.2):
    - "GoogleToolboxForMac/NSData+zlib (~> 2.1)"
  - FirebaseInstanceID (3.0.0):
    - FirebaseCore (~> 5.0)
  - FirebaseMessaging (3.0.1):
    - FirebaseCore (~> 5.0)
    - FirebaseInstanceID (~> 3.0)
    - GoogleToolboxForMac/Logger (~> 2.1)
    - Protobuf (~> 3.1)
  - Google-Mobile-Ads-SDK (7.31.0)
  - GoogleMaps (2.7.0):
    - GoogleMaps/Maps (= 2.7.0)
  - GoogleMaps/Base (2.7.0)
  - GoogleMaps/Maps (2.7.0):
    - GoogleMaps/Base
  - GooglePlaces (2.7.0):
    - GoogleMaps/Base (= 2.7.0)
  - GoogleSignIn (4.1.2):
    - "GoogleToolboxForMac/NSDictionary+URLArguments (~> 2.1)"
    - "GoogleToolboxForMac/NSString+URLArguments (~> 2.1)"
    - GTMOAuth2 (~> 1.0)
    - GTMSessionFetcher/Core (~> 1.1)
  - GoogleToolboxForMac/DebugUtils (2.1.4):
    - GoogleToolboxForMac/Defines (= 2.1.4)
  - GoogleToolboxForMac/Defines (2.1.4)
  - GoogleToolboxForMac/Logger (2.1.4):
    - GoogleToolboxForMac/Defines (= 2.1.4)
  - "GoogleToolboxForMac/NSData+zlib (2.1.4)":
    - GoogleToolboxForMac/Defines (= 2.1.4)
  - "GoogleToolboxForMac/NSDictionary+URLArguments (2.1.4)":
    - GoogleToolboxForMac/DebugUtils (= 2.1.4)
    - GoogleToolboxForMac/Defines (= 2.1.4)
    - "GoogleToolboxForMac/NSString+URLArguments (= 2.1.4)"
  - "GoogleToolboxForMac/NSString+URLArguments (2.1.4)"
  - GTMOAuth2 (1.1.6):
    - GTMSessionFetcher (~> 1.1)
  - GTMSessionFetcher (1.1.15):
    - GTMSessionFetcher/Full (= 1.1.15)
  - GTMSessionFetcher/Core (1.1.15)
  - GTMSessionFetcher/Full (1.1.15):
    - GTMSessionFetcher/Core (= 1.1.15)
  - IQKeyboardManagerSwift (6.0.3)
  - Kingfisher (3.13.1)
  - libwebp (0.6.1):
    - libwebp/core (= 0.6.1)
    - libwebp/dec (= 0.6.1)
    - libwebp/demux (= 0.6.1)
    - libwebp/dsp (= 0.6.1)
    - libwebp/enc (= 0.6.1)
    - libwebp/mux (= 0.6.1)
    - libwebp/utils (= 0.6.1)
    - libwebp/webp (= 0.6.1)
  - libwebp/core (0.6.1):
    - libwebp/webp
  - libwebp/dec (0.6.1):
    - libwebp/core
  - libwebp/demux (0.6.1):
    - libwebp/core
  - libwebp/dsp (0.6.1):
    - libwebp/core
  - libwebp/enc (0.6.1):
    - libwebp/core
  - libwebp/mux (0.6.1):
    - libwebp/core
  - libwebp/utils (0.6.1):
    - libwebp/core
  - libwebp/webp (0.6.1)
  - Localize-Swift (2.0.0)
  - MJRefresh (3.1.15.3)
  - MMDrawerController (0.6.0):
    - MMDrawerController/Core (= 0.6.0)
    - MMDrawerController/MMDrawerBarButtonItem (= 0.6.0)
    - MMDrawerController/MMDrawerVisualStates (= 0.6.0)
    - MMDrawerController/Subclass (= 0.6.0)
  - MMDrawerController/Core (0.6.0)
  - MMDrawerController/MMDrawerBarButtonItem (0.6.0):
    - MMDrawerController/Core
  - MMDrawerController/MMDrawerVisualStates (0.6.0):
    - MMDrawerController/Core
  - MMDrawerController/Subclass (0.6.0):
    - MMDrawerController/Core
  - nanopb (0.3.8):
    - nanopb/decode (= 0.3.8)
    - nanopb/encode (= 0.3.8)
  - nanopb/decode (0.3.8)
  - nanopb/encode (0.3.8)
  - NVActivityIndicatorView (4.2.1):
    - NVActivityIndicatorView/Presenter (= 4.2.1)
  - NVActivityIndicatorView/Presenter (4.2.1)
  - ObjcExceptionBridging (1.0.1):
    - ObjcExceptionBridging/ObjcExceptionBridging (= 1.0.1)
  - ObjcExceptionBridging/ObjcExceptionBridging (1.0.1)
  - Protobuf (3.5.0)
  - RSKImageCropper (2.0.1)
  - SDWebImage/Core (4.4.0)
  - SDWebImage/WebP (4.4.0):
    - libwebp (~> 0.5)
    - SDWebImage/Core
  - SnapKit (3.2.0)
  - SwiftyJSON (4.1.0)
  - XCGLogger (5.0.5):
    - XCGLogger/Core (= 5.0.5)
  - XCGLogger/Core (5.0.5):
    - ObjcExceptionBridging

DEPENDENCIES:
  - Alamofire
  - ChameleonFramework
  - Crashlytics
  - DropDown
  - Eureka (from `https://github.com/xmartlabs/Eureka.git`, branch `Xcode9-Swift3_2`)
  - Fabric
  - FacebookCore
  - FacebookLogin
  - FacebookShare (from `https://github.com/1amageek/facebook-sdk-swift`)
  - FBAudienceNetwork
  - Firebase
  - Firebase/AdMob
  - Firebase/Core
  - Firebase/Messaging
  - GoogleMaps
  - GooglePlaces
  - GoogleSignIn
  - IQKeyboardManagerSwift
  - Kingfisher (~> 3.13.1)
  - Localize-Swift
  - MJRefresh
  - MMDrawerController
  - NVActivityIndicatorView
  - RSKImageCropper
  - SDWebImage/WebP
  - SnapKit (= 3.2.0)
  - SwiftyJSON
  - XCGLogger (~> 5.0.4)

SPEC REPOS:
  https://github.com/CocoaPods/Specs.git:
    - Alamofire
    - Bolts
    - ChameleonFramework
    - Crashlytics
    - DropDown
    - Fabric
    - FacebookCore
    - FacebookLogin
    - FBAudienceNetwork
    - FBSDKCoreKit
    - FBSDKLoginKit
    - FBSDKShareKit
    - Firebase
    - FirebaseAnalytics
    - FirebaseCore
    - FirebaseInstanceID
    - FirebaseMessaging
    - Google-Mobile-Ads-SDK
    - GoogleMaps
    - GooglePlaces
    - GoogleSignIn
    - GoogleToolboxForMac
    - GTMOAuth2
    - GTMSessionFetcher
    - IQKeyboardManagerSwift
    - Kingfisher
    - libwebp
    - Localize-Swift
    - MJRefresh
    - MMDrawerController
    - nanopb
    - NVActivityIndicatorView
    - ObjcExceptionBridging
    - Protobuf
    - RSKImageCropper
    - SDWebImage
    - SnapKit
    - SwiftyJSON
    - XCGLogger

EXTERNAL SOURCES:
  Eureka:
    :branch: Xcode9-Swift3_2
    :git: https://github.com/xmartlabs/Eureka.git
  FacebookShare:
    :git: https://github.com/1amageek/facebook-sdk-swift

CHECKOUT OPTIONS:
  Eureka:
    :commit: 05acfb04c24a480f1868e671d19b39e0f22fc265
    :git: https://github.com/xmartlabs/Eureka.git
  FacebookShare:
    :commit: 3ac76c770e9849285c380f380309d866911d2e93
    :git: https://github.com/1amageek/facebook-sdk-swift

SPEC CHECKSUMS:
  Alamofire: e4fa87002c137ba2d8d634d2c51fabcda0d5c223
  Bolts: ac6567323eac61e203f6a9763667d0f711be34c8
  ChameleonFramework: d21a3cc247abfe5e37609a283a8238b03575cf64
  Crashlytics: 0360624eea1c978a743feddb2fb1ef8b37fb7a0d
  DropDown: 7f87abecc28f9b4edad810fe1211c5c018c257e5
  Eureka: 5b9418d7bfdc21ca977d69d124a6409f3e9af2c7
  Fabric: bda89e242bce1b7b8ab264248cf3407774ce0095
  FacebookCore: 3ffa190a3f1f96cec0e44d3fc221bc322c595ffa
  FacebookLogin: 0af839ea858faef99550d16596b87b4a8e8906e6
  FacebookShare: d086f7a4610bbbca9cec5e774de450a9b3e1a20b
  FBAudienceNetwork: c0cda151bb2f7b55d1e045e59ebc81f3153989b2
  FBSDKCoreKit: 572b047a7e029bc44542bcf8a59414e7ff2b543e
  FBSDKLoginKit: 88cb456349cfb3b554427ce4f8b43729d85dfb40
  FBSDKShareKit: 1869cb24db2cea90666a50cb9d568deb38e2d16e
  Firebase: e08fb0795f35707aeb1d8a715c731c45bdf6fd56
  FirebaseAnalytics: b3628aea54c50464c32c393fb2ea032566e7ecc2
  FirebaseCore: b81044df1044c0857a0737c6324678b72d4f7f00
  FirebaseInstanceID: 83e0040351565df711a5db3d8ebe5ea21aca998a
  FirebaseMessaging: ec6fde5a77824c6da0218f9ca220feb251aa17d5
  Google-Mobile-Ads-SDK: 6e529e748b45507a2ca904e0b5a52669ba3920c4
  GoogleMaps: f79af95cb24d869457b1f961c93d3ce8b2f3b848
  GooglePlaces: 3d06e6c99654545b4738ce49648745779c25f2ef
  GoogleSignIn: d9ef55b10f0aa401a5de2747f59b725e4b9732ac
  GoogleToolboxForMac: 91c824d21e85b31c2aae9bb011c5027c9b4e738f
  GTMOAuth2: c77fe325e4acd453837e72d91e3b5f13116857b2
  GTMSessionFetcher: 5fa5b80fd20e439ef5f545fb2cb3ca6c6714caa2
  IQKeyboardManagerSwift: 04e8679f85e496bb2c474eeb9284052f1b3c391c
  Kingfisher: ed9707a409cc47fddafbcd12a43a9757e3600af5
  libwebp: 0f01098c6c17175391af621b2f14150f3ca16e16
  Localize-Swift: c798ec9286494866f7068f85f7c71283ac5bdab4
  MJRefresh: b48380ae2b927b46c4ef000de9adb8dc748e1df7
  MMDrawerController: e3a54a5570388463ad3b36975251575b50c4e1a0
  nanopb: 5601e6bca2dbf1ed831b519092ec110f66982ca3
  NVActivityIndicatorView: 8068ba3ad39cb44cbaab25d89ff2546b3f092681
  ObjcExceptionBridging: c30e00eb3700467e695faeea30e26e18bd445001
  Protobuf: 8a9838fba8dae3389230e1b7f8c104aa32389c03
  RSKImageCropper: 50d5a3e4160f0309b14d75b89d5ae2f496d56e0d
  SDWebImage: b534502786e43dde36dfcaee89356fe6df30e203
  SnapKit: 1ca44df72cfa543218d177cb8aab029d10d86ea7
  SwiftyJSON: c29297daf073d2aa016295d5809cdd68045c39b3
  XCGLogger: 49bceee6dc0c738eae5d6454fdbf800d62256b74

PODFILE CHECKSUM: e49bd92647234e5aa3d342fc9bcc64560ebbc2db

COCOAPODS: 1.5.0
